Microsoft Visual Studio Solution File, Format Version 12.00
Project("{FAE04EC0-301F-11D3-BF4B-00C04F79EFBC}") = "webservice", "webservice\webservice.csproj", "{084804A1-9A87-4932-8D15-FF5F657D78E6}"
EndProject
Project("{FAE04EC0-301F-11D3-BF4B-00C04F79EFBC}") = "DAL", "DAL\DAL.csproj", "{0DB88372-17C3-4942-80E9-5B25D02A4176}"
EndProject
Global
	GlobalSection(SolutionConfigurationPlatforms) = preSolution
		Debug|Any CPU = Debug|Any CPU
		Release|Any CPU = Release|Any CPU
	EndGlobalSection
	GlobalSection(ProjectConfigurationPlatforms) = postSolution
		{084804A1-9A87-4932-8D15-FF5F657D78E6}.Debug|Any CPU.ActiveCfg = Debug|Any CPU
		{084804A1-9A87-4932-8D15-FF5F657D78E6}.Debug|Any CPU.Build.0 = Debug|Any CPU
		{084804A1-9A87-4932-8D15-FF5F657D78E6}.Release|Any CPU.ActiveCfg = Release|Any CPU
		{084804A1-9A87-4932-8D15-FF5F657D78E6}.Release|Any CPU.Build.0 = Release|Any CPU
		{0DB88372-17C3-4942-80E9-5B25D02A4176}.Debug|Any CPU.ActiveCfg = Debug|Any CPU
		{0DB88372-17C3-4942-80E9-5B25D02A4176}.Debug|Any CPU.Build.0 = Debug|Any CPU
		{0DB88372-17C3-4942-80E9-5B25D02A4176}.Release|Any CPU.ActiveCfg = Release|Any CPU
		{0DB88372-17C3-4942-80E9-5B25D02A4176}.Release|Any CPU.Build.0 = Release|Any CPU
	EndGlobalSection
EndGlobal
